
Microsoft Visual Studio Solution File, Format Version 11.00
# Visual C++ Express 2010
Project("{8BC9CEB8-8B4A-11D0-8D11-00A0C91BC942}") = "SARK110_DLL", "SARK110_DLL.vcxproj", "{0A2912B6-8187-4E66-9DE3-7D3C74CD2ECE}"
EndProject
Global
	GlobalSection(SolutionConfigurationPlatforms) = preSolution
		Debug|Win32 = Debug|Win32
		Release|Win32 = Release|Win32
		ReleaseNoBT|Win32 = ReleaseNoBT|Win32
	EndGlobalSection
	GlobalSection(ProjectConfigurationPlatforms) = postSolution
		{0A2912B6-8187-4E66-9DE3-7D3C74CD2ECE}.Debug|Win32.ActiveCfg = Debug|Win32
		{0A2912B6-8187-4E66-9DE3-7D3C74CD2ECE}.Debug|Win32.Build.0 = Debug|Win32
		{0A2912B6-8187-4E66-9DE3-7D3C74CD2ECE}.Release|Win32.ActiveCfg = Release|Win32
		{0A2912B6-8187-4E66-9DE3-7D3C74CD2ECE}.Release|Win32.Build.0 = Release|Win32
		{0A2912B6-8187-4E66-9DE3-7D3C74CD2ECE}.ReleaseNoBT|Win32.ActiveCfg = ReleaseNoBT|Win32
		{0A2912B6-8187-4E66-9DE3-7D3C74CD2ECE}.ReleaseNoBT|Win32.Build.0 = ReleaseNoBT|Win32
	EndGlobalSection
	GlobalSection(SolutionProperties) = preSolution
		HideSolutionNode = FALSE
	EndGlobalSection
EndGlobal
